{
  "name": "@viper_droid/rate-shield",
  "version": "0.1.1",
  "lockfileVersion": 3,
  "requires": true,
  "packages": {
    "": {
      "name": "@viper_droid/rate-shield",
      "version": "0.1.1",
      "license": "MIT",
      "dependencies": {
        "@viper_droid/rate-shield": "^0.1.0"
      }
    },
    "node_modules/@viper_droid/rate-shield": {
      "version": "0.1.0",
      "resolved": "https://registry.npmjs.org/@viper_droid/rate-shield/-/rate-shield-0.1.0.tgz",
      "integrity": "sha512-wBFXD6/UGIAlxpQtZMj+AFF0QcElhiWALHSiiI2QhRJxDlWuM6xwl0m+WvNj7y/WHRXbxf0kmNOgtgTjQN7BLw=="
    }
  }
}
